
Microsoft Visual Studio Solution File, Format Version 12.00
# Visual Studio Version 16
VisualStudioVersion = 16.0.32002.261
MinimumVisualStudioVersion = 10.0.40219.1
Project("{9A19103F-16F7-4668-BE54-9A1E7A4F7556}") = "BitOfA.Helper", "bitofa.helper\BitOfA.Helper.csproj", "{1AF346CE-E9DF-4AF7-9BF7-B10CD6E122FE}"
EndProject
Project("{9A19103F-16F7-4668-BE54-9A1E7A4F7556}") = "BitOfA.Test", "bitofa.test\BitOfA.Test.csproj", "{426945A2-1D03-441D-9645-250821568680}"
EndProject
Project("{2150E333-8FDC-42A3-9474-1A3956D46DE8}") = "Solution Items", "Solution Items", "{9A68FA04-FF3A-46A0-93AD-A06F80355D26}"
	ProjectSection(SolutionItems) = preProject
		MITLicense.txt = MITLicense.txt
	EndProjectSection
EndProject
Global
	GlobalSection(SolutionConfigurationPlatforms) = preSolution
		Debug|Any CPU = Debug|Any CPU
		Release|Any CPU = Release|Any CPU
	EndGlobalSection
	GlobalSection(ProjectConfigurationPlatforms) = postSolution
		{1AF346CE-E9DF-4AF7-9BF7-B10CD6E122FE}.Debug|Any CPU.ActiveCfg = Debug|Any CPU
		{1AF346CE-E9DF-4AF7-9BF7-B10CD6E122FE}.Debug|Any CPU.Build.0 = Debug|Any CPU
		{1AF346CE-E9DF-4AF7-9BF7-B10CD6E122FE}.Release|Any CPU.ActiveCfg = Release|Any CPU
		{1AF346CE-E9DF-4AF7-9BF7-B10CD6E122FE}.Release|Any CPU.Build.0 = Release|Any CPU
		{426945A2-1D03-441D-9645-250821568680}.Debug|Any CPU.ActiveCfg = Debug|Any CPU
		{426945A2-1D03-441D-9645-250821568680}.Debug|Any CPU.Build.0 = Debug|Any CPU
		{426945A2-1D03-441D-9645-250821568680}.Release|Any CPU.ActiveCfg = Release|Any CPU
		{426945A2-1D03-441D-9645-250821568680}.Release|Any CPU.Build.0 = Release|Any CPU
	EndGlobalSection
	GlobalSection(SolutionProperties) = preSolution
		HideSolutionNode = FALSE
	EndGlobalSection
	GlobalSection(ExtensibilityGlobals) = postSolution
		SolutionGuid = {4A31BE41-0484-4E75-931F-B55F6D913441}
	EndGlobalSection
EndGlobal
